// !$*UTF8*$!
{
	archiveVersion = 1;
	classes = {
	};
	objectVersion = 46;
	objects = {

/* Begin PBXBuildFile section */
		8E2418A41A80D0B2005C855C /* ACCEverHomeLessBaseClass.m in Sources */ = {isa = PBXBuildFile; fileRef = 8E2418A31A80D0B2005C855C /* ACCEverHomeLessBaseClass.m */; };
		8E2418A71A80D6B1005C855C /* AGTCoreDataStack.m in Sources */ = {isa = PBXBuildFile; fileRef = 8E2418A61A80D6B1005C855C /* AGTCoreDataStack.m */; };
		8E408F8B1A7F918200E7842F /* main.m in Sources */ = {isa = PBXBuildFile; fileRef = 8E408F8A1A7F918200E7842F /* main.m */; };
		8E408F8E1A7F918200E7842F /* AppDelegate.m in Sources */ = {isa = PBXBuildFile; fileRef = 8E408F8D1A7F918200E7842F /* AppDelegate.m */; };
		8E408F901A7F918200E7842F /* Images.xcassets in Resources */ = {isa = PBXBuildFile; fileRef = 8E408F8F1A7F918200E7842F /* Images.xcassets */; };
		8E408F931A7F918200E7842F /* LaunchScreen.xib in Resources */ = {isa = PBXBuildFile; fileRef = 8E408F911A7F918200E7842F /* LaunchScreen.xib */; };
		8E408F9F1A7F918200E7842F /* EverHomeLessTests.m in Sources */ = {isa = PBXBuildFile; fileRef = 8E408F9E1A7F918200E7842F /* EverHomeLessTests.m */; };
		8E408FAB1A7F957C00E7842F /* Model.xcdatamodeld in Sources */ = {isa = PBXBuildFile; fileRef = 8E408FA91A7F957C00E7842F /* Model.xcdatamodeld */; };
		8E408FC11A7FAB3400E7842F /* _ACCNote.m in Sources */ = {isa = PBXBuildFile; fileRef = 8E408FB61A7FAB3400E7842F /* _ACCNote.m */; };
		8E408FC21A7FAB3400E7842F /* _ACCNotebook.m in Sources */ = {isa = PBXBuildFile; fileRef = 8E408FB81A7FAB3400E7842F /* _ACCNotebook.m */; };
		8E408FC31A7FAB3400E7842F /* _ACCPhotoContainer.m in Sources */ = {isa = PBXBuildFile; fileRef = 8E408FBA1A7FAB3400E7842F /* _ACCPhotoContainer.m */; };
		8E408FC41A7FAB3400E7842F /* ACCNote.m in Sources */ = {isa = PBXBuildFile; fileRef = 8E408FBC1A7FAB3400E7842F /* ACCNote.m */; };
		8E408FC51A7FAB3400E7842F /* ACCNotebook.m in Sources */ = {isa = PBXBuildFile; fileRef = 8E408FBE1A7FAB3400E7842F /* ACCNotebook.m */; };
		8E408FC61A7FAB3400E7842F /* ACCPhotoContainer.m in Sources */ = {isa = PBXBuildFile; fileRef = 8E408FC01A7FAB3400E7842F /* ACCPhotoContainer.m */; };
/* End PBXBuildFile section */

/* Begin PBXContainerItemProxy section */
		8E408F991A7F918200E7842F /* PBXContainerItemProxy */ = {
			isa = PBXContainerItemProxy;
			containerPortal = 8E408F7D1A7F918200E7842F /* Project object */;
			proxyType = 1;
			remoteGlobalIDString = 8E408F841A7F918200E7842F;
			remoteInfo = EverHomeLess;
		};
/* End PBXContainerItemProxy section */

/* Begin PBXFileReference section */
		8E2418A21A80D0B2005C855C /* ACCEverHomeLessBaseClass.h */ = {isa = PBXFileReference; fileEncoding = 4; lastKnownFileType = sourcecode.c.h; path = ACCEverHomeLessBaseClass.h; sourceTree = SOURCE_ROOT; };
		8E2418A31A80D0B2005C855C /* ACCEverHomeLessBaseClass.m */ = {isa = PBXFileReference; fileEncoding = 4; lastKnownFileType = sourcecode.c.objc; path = ACCEverHomeLessBaseClass.m; sourceTree = SOURCE_ROOT; };
		8E2418A51A80D6B1005C855C /* AGTCoreDataStack.h */ = {isa = PBXFileReference; fileEncoding = 4; lastKnownFileType = sourcecode.c.h; path = AGTCoreDataStack.h; sourceTree = "<group>"; };
		8E2418A61A80D6B1005C855C /* AGTCoreDataStack.m */ = {isa = PBXFileReference; fileEncoding = 4; lastKnownFileType = sourcecode.c.objc; path = AGTCoreDataStack.m; sourceTree = "<group>"; };
		8E408F851A7F918200E7842F /* EverHomeLess.app */ = {isa = PBXFileReference; explicitFileType = wrapper.application; includeInIndex = 0; path = EverHomeLess.app; sourceTree = BUILT_PRODUCTS_DIR; };
		8E408F891A7F918200E7842F /* Info.plist */ = {isa = PBXFileReference; lastKnownFileType = text.plist.xml; path = Info.plist; sourceTree = "<group>"; };
		8E408F8A1A7F918200E7842F /* main.m */ = {isa = PBXFileReference; lastKnownFileType = sourcecode.c.objc; path = main.m; sourceTree = "<group>"; };
		8E408F8C1A7F918200E7842F /* AppDelegate.h */ = {isa = PBXFileReference; lastKnownFileType = sourcecode.c.h; path = AppDelegate.h; sourceTree = "<group>"; };
		8E408F8D1A7F918200E7842F /* AppDelegate.m */ = {isa = PBXFileReference; lastKnownFileType = sourcecode.c.objc; path = AppDelegate.m; sourceTree = "<group>"; };
		8E408F8F1A7F918200E7842F /* Images.xcassets */ = {isa = PBXFileReference; lastKnownFileType = folder.assetcatalog; path = Images.xcassets; sourceTree = "<group>"; };
		8E408F921A7F918200E7842F /* Base */ = {isa = PBXFileReference; lastKnownFileType = file.xib; name = Base; path = Base.lproj/LaunchScreen.xib; sourceTree = "<group>"; };
		8E408F981A7F918200E7842F /* EverHomeLessTests.xctest */ = {isa = PBXFileReference; explicitFileType = wrapper.cfbundle; includeInIndex = 0; path = EverHomeLessTests.xctest; sourceTree = BUILT_PRODUCTS_DIR; };
		8E408F9D1A7F918200E7842F /* Info.plist */ = {isa = PBXFileReference; lastKnownFileType = text.plist.xml; path = Info.plist; sourceTree = "<group>"; };
		8E408F9E1A7F918200E7842F /* EverHomeLessTests.m */ = {isa = PBXFileReference; lastKnownFileType = sourcecode.c.objc; path = EverHomeLessTests.m; sourceTree = "<group>"; };
		8E408FAA1A7F957C00E7842F /* Model.xcdatamodel */ = {isa = PBXFileReference; lastKnownFileType = wrapper.xcdatamodel; path = Model.xcdatamodel; sourceTree = "<group>"; };
		8E408FB51A7FAB3400E7842F /* _ACCNote.h */ = {isa = PBXFileReference; fileEncoding = 4; lastKnownFileType = sourcecode.c.h; path = _ACCNote.h; sourceTree = SOURCE_ROOT; };
		8E408FB61A7FAB3400E7842F /* _ACCNote.m */ = {isa = PBXFileReference; fileEncoding = 4; lastKnownFileType = sourcecode.c.objc; path = _ACCNote.m; sourceTree = SOURCE_ROOT; };
		8E408FB71A7FAB3400E7842F /* _ACCNotebook.h */ = {isa = PBXFileReference; fileEncoding = 4; lastKnownFileType = sourcecode.c.h; path = _ACCNotebook.h; sourceTree = SOURCE_ROOT; };
		8E408FB81A7FAB3400E7842F /* _ACCNotebook.m */ = {isa = PBXFileReference; fileEncoding = 4; lastKnownFileType = sourcecode.c.objc; path = _ACCNotebook.m; sourceTree = SOURCE_ROOT; };
		8E408FB91A7FAB3400E7842F /* _ACCPhotoContainer.h */ = {isa = PBXFileReference; fileEncoding = 4; lastKnownFileType = sourcecode.c.h; path = _ACCPhotoContainer.h; sourceTree = SOURCE_ROOT; };
		8E408FBA1A7FAB3400E7842F /* _ACCPhotoContainer.m */ = {isa = PBXFileReference; fileEncoding = 4; lastKnownFileType = sourcecode.c.objc; path = _ACCPhotoContainer.m; sourceTree = SOURCE_ROOT; };
		8E408FBB1A7FAB3400E7842F /* ACCNote.h */ = {isa = PBXFileReference; fileEncoding = 4; lastKnownFileType = sourcecode.c.h; path = ACCNote.h; sourceTree = SOURCE_ROOT; };
		8E408FBC1A7FAB3400E7842F /* ACCNote.m */ = {isa = PBXFileReference; fileEncoding = 4; lastKnownFileType = sourcecode.c.objc; path = ACCNote.m; sourceTree = SOURCE_ROOT; };
		8E408FBD1A7FAB3400E7842F /* ACCNotebook.h */ = {isa = PBXFileReference; fileEncoding = 4; lastKnownFileType = sourcecode.c.h; path = ACCNotebook.h; sourceTree = SOURCE_ROOT; };
		8E408FBE1A7FAB3400E7842F /* ACCNotebook.m */ = {isa = PBXFileReference; fileEncoding = 4; lastKnownFileType = sourcecode.c.objc; path = ACCNotebook.m; sourceTree = SOURCE_ROOT; };
		8E408FBF1A7FAB3400E7842F /* ACCPhotoContainer.h */ = {isa = PBXFileReference; fileEncoding = 4; lastKnownFileType = sourcecode.c.h; path = ACCPhotoContainer.h; sourceTree = SOURCE_ROOT; };
		8E408FC01A7FAB3400E7842F /* ACCPhotoContainer.m */ = {isa = PBXFileReference; fileEncoding = 4; lastKnownFileType = sourcecode.c.objc; path = ACCPhotoContainer.m; sourceTree = SOURCE_ROOT; };
/* End PBXFileReference section */

/* Begin PBXFrameworksBuildPhase section */
		8E408F821A7F918200E7842F /* Frameworks */ = {
			isa = PBXFrameworksBuildPhase;
			buildActionMask = 2147483647;
			files = (
			);
			runOnlyForDeploymentPostprocessing = 0;
		};
		8E408F951A7F918200E7842F /* Frameworks */ = {
			isa = PBXFrameworksBuildPhase;
			buildActionMask = 2147483647;
			files = (
			);
			runOnlyForDeploymentPostprocessing = 0;
		};
/* End PBXFrameworksBuildPhase section */

/* Begin PBXGroup section */
		8E408F7C1A7F918200E7842F = {
			isa = PBXGroup;
			children = (
				8E408F871A7F918200E7842F /* EverHomeLess */,
				8E408F9B1A7F918200E7842F /* EverHomeLessTests */,
				8E408F861A7F918200E7842F /* Products */,
			);
			sourceTree = "<group>";
		};
		8E408F861A7F918200E7842F /* Products */ = {
			isa = PBXGroup;
			children = (
				8E408F851A7F918200E7842F /* EverHomeLess.app */,
				8E408F981A7F918200E7842F /* EverHomeLessTests.xctest */,
			);
			name = Products;
			sourceTree = "<group>";
		};
		8E408F871A7F918200E7842F /* EverHomeLess */ = {
			isa = PBXGroup;
			children = (
				8E408FA81A7F950B00E7842F /* Models */,
				8E408F8C1A7F918200E7842F /* AppDelegate.h */,
				8E408F8D1A7F918200E7842F /* AppDelegate.m */,
				8E408F8F1A7F918200E7842F /* Images.xcassets */,
				8E408F911A7F918200E7842F /* LaunchScreen.xib */,
				8E408F881A7F918200E7842F /* Supporting Files */,
			);
			path = EverHomeLess;
			sourceTree = "<group>";
		};
		8E408F881A7F918200E7842F /* Supporting Files */ = {
			isa = PBXGroup;
			children = (
				8E408F891A7F918200E7842F /* Info.plist */,
				8E408F8A1A7F918200E7842F /* main.m */,
			);
			name = "Supporting Files";
			sourceTree = "<group>";
		};
		8E408F9B1A7F918200E7842F /* EverHomeLessTests */ = {
			isa = PBXGroup;
			children = (
				8E408F9E1A7F918200E7842F /* EverHomeLessTests.m */,
				8E408F9C1A7F918200E7842F /* Supporting Files */,
			);
			path = EverHomeLessTests;
			sourceTree = "<group>";
		};
		8E408F9C1A7F918200E7842F /* Supporting Files */ = {
			isa = PBXGroup;
			children = (
				8E408F9D1A7F918200E7842F /* Info.plist */,
			);
			name = "Supporting Files";
			sourceTree = "<group>";
		};
		8E408FA81A7F950B00E7842F /* Models */ = {
			isa = PBXGroup;
			children = (
				8E2418A51A80D6B1005C855C /* AGTCoreDataStack.h */,
				8E2418A61A80D6B1005C855C /* AGTCoreDataStack.m */,
				8E2418A21A80D0B2005C855C /* ACCEverHomeLessBaseClass.h */,
				8E2418A31A80D0B2005C855C /* ACCEverHomeLessBaseClass.m */,
				8E408FC71A7FABEF00E7842F /* Machine */,
				8E408FBB1A7FAB3400E7842F /* ACCNote.h */,
				8E408FBC1A7FAB3400E7842F /* ACCNote.m */,
				8E408FBD1A7FAB3400E7842F /* ACCNotebook.h */,
				8E408FBE1A7FAB3400E7842F /* ACCNotebook.m */,
				8E408FBF1A7FAB3400E7842F /* ACCPhotoContainer.h */,
				8E408FC01A7FAB3400E7842F /* ACCPhotoContainer.m */,
				8E408FA91A7F957C00E7842F /* Model.xcdatamodeld */,
			);
			name = Models;
			sourceTree = "<group>";
		};
		8E408FC71A7FABEF00E7842F /* Machine */ = {
			isa = PBXGroup;
			children = (
				8E408FB51A7FAB3400E7842F /* _ACCNote.h */,
				8E408FB61A7FAB3400E7842F /* _ACCNote.m */,
				8E408FB71A7FAB3400E7842F /* _ACCNotebook.h */,
				8E408FB81A7FAB3400E7842F /* _ACCNotebook.m */,
				8E408FB91A7FAB3400E7842F /* _ACCPhotoContainer.h */,
				8E408FBA1A7FAB3400E7842F /* _ACCPhotoContainer.m */,
			);
			name = Machine;
			sourceTree = "<group>";
		};
/* End PBXGroup section */

/* Begin PBXNativeTarget section */
		8E408F841A7F918200E7842F /* EverHomeLess */ = {
			isa = PBXNativeTarget;
			buildConfigurationList = 8E408FA21A7F918200E7842F /* Build configuration list for PBXNativeTarget "EverHomeLess" */;
			buildPhases = (
				8E408F811A7F918200E7842F /* Sources */,
				8E408F821A7F918200E7842F /* Frameworks */,
				8E408F831A7F918200E7842F /* Resources */,
			);
			buildRules = (
			);
			dependencies = (
			);
			name = EverHomeLess;
			productName = EverHomeLess;
			productReference = 8E408F851A7F918200E7842F /* EverHomeLess.app */;
			productType = "com.apple.product-type.application";
		};
		8E408F971A7F918200E7842F /* EverHomeLessTests */ = {
			isa = PBXNativeTarget;
			buildConfigurationList = 8E408FA51A7F918200E7842F /* Build configuration list for PBXNativeTarget "EverHomeLessTests" */;
			buildPhases = (
				8E408F941A7F918200E7842F /* Sources */,
				8E408F951A7F918200E7842F /* Frameworks */,
				8E408F961A7F918200E7842F /* Resources */,
			);
			buildRules = (
			);
			dependencies = (
				8E408F9A1A7F918200E7842F /* PBXTargetDependency */,
			);
			name = EverHomeLessTests;
			productName = EverHomeLessTests;
			productReference = 8E408F981A7F918200E7842F /* EverHomeLessTests.xctest */;
			productType = "com.apple.product-type.bundle.unit-test";
		};
/* End PBXNativeTarget section */

/* Begin PBXProject section */
		8E408F7D1A7F918200E7842F /* Project object */ = {
			isa = PBXProject;
			attributes = {
				LastUpgradeCheck = 0610;
				ORGANIZATIONNAME = "Alex Cros";
				TargetAttributes = {
					8E408F841A7F918200E7842F = {
						CreatedOnToolsVersion = 6.1.1;
					};
					8E408F971A7F918200E7842F = {
						CreatedOnToolsVersion = 6.1.1;
						TestTargetID = 8E408F841A7F918200E7842F;
					};
				};
			};
			buildConfigurationList = 8E408F801A7F918200E7842F /* Build configuration list for PBXProject "EverHomeLess" */;
			compatibilityVersion = "Xcode 3.2";
			developmentRegion = English;
			hasScannedForEncodings = 0;
			knownRegions = (
				en,
				Base,
			);
			mainGroup = 8E408F7C1A7F918200E7842F;
			productRefGroup = 8E408F861A7F918200E7842F /* Products */;
			projectDirPath = "";
			projectRoot = "";
			targets = (
				8E408F841A7F918200E7842F /* EverHomeLess */,
				8E408F971A7F918200E7842F /* EverHomeLessTests */,
			);
		};
/* End PBXProject section */

/* Begin PBXResourcesBuildPhase section */
		8E408F831A7F918200E7842F /* Resources */ = {
			isa = PBXResourcesBuildPhase;
			buildActionMask = 2147483647;
			files = (
				8E408F931A7F918200E7842F /* LaunchScreen.xib in Resources */,
				8E408F901A7F918200E7842F /* Images.xcassets in Resources */,
			);
			runOnlyForDeploymentPostprocessing = 0;
		};
		8E408F961A7F918200E7842F /* Resources */ = {
			isa = PBXResourcesBuildPhase;
			buildActionMask = 2147483647;
			files = (
			);
			runOnlyForDeploymentPostprocessing = 0;
		};
/* End PBXResourcesBuildPhase section */

/* Begin PBXSourcesBuildPhase section */
		8E408F811A7F918200E7842F /* Sources */ = {
			isa = PBXSourcesBuildPhase;
			buildActionMask = 2147483647;
			files = (
				8E2418A71A80D6B1005C855C /* AGTCoreDataStack.m in Sources */,
				8E408FC51A7FAB3400E7842F /* ACCNotebook.m in Sources */,
				8E408F8E1A7F918200E7842F /* AppDelegate.m in Sources */,
				8E408FC61A7FAB3400E7842F /* ACCPhotoContainer.m in Sources */,
				8E2418A41A80D0B2005C855C /* ACCEverHomeLessBaseClass.m in Sources */,
				8E408FC11A7FAB3400E7842F /* _ACCNote.m in Sources */,
				8E408F8B1A7F918200E7842F /* main.m in Sources */,
				8E408FC21A7FAB3400E7842F /* _ACCNotebook.m in Sources */,
				8E408FC31A7FAB3400E7842F /* _ACCPhotoContainer.m in Sources */,
				8E408FC41A7FAB3400E7842F /* ACCNote.m in Sources */,
				8E408FAB1A7F957C00E7842F /* Model.xcdatamodeld in Sources */,
			);
			runOnlyForDeploymentPostprocessing = 0;
		};
		8E408F941A7F918200E7842F /* Sources */ = {
			isa = PBXSourcesBuildPhase;
			buildActionMask = 2147483647;
			files = (
				8E408F9F1A7F918200E7842F /* EverHomeLessTests.m in Sources */,
			);
			runOnlyForDeploymentPostprocessing = 0;
		};
/* End PBXSourcesBuildPhase section */

/* Begin PBXTargetDependency section */
		8E408F9A1A7F918200E7842F /* PBXTargetDependency */ = {
			isa = PBXTargetDependency;
			target = 8E408F841A7F918200E7842F /* EverHomeLess */;
			targetProxy = 8E408F991A7F918200E7842F /* PBXContainerItemProxy */;
		};
/* End PBXTargetDependency section */

/* Begin PBXVariantGroup section */
		8E408F911A7F918200E7842F /* LaunchScreen.xib */ = {
			isa = PBXVariantGroup;
			children = (
				8E408F921A7F918200E7842F /* Base */,
			);
			name = LaunchScreen.xib;
			sourceTree = "<group>";
		};
/* End PBXVariantGroup section */

/* Begin XCBuildConfiguration section */
		8E408FA01A7F918200E7842F /* Debug */ = {
			isa = XCBuildConfiguration;
			buildSettings = {
				ALWAYS_SEARCH_USER_PATHS = NO;
				CLANG_CXX_LANGUAGE_STANDARD = "gnu++0x";
				CLANG_CXX_LIBRARY = "libc++";
				CLANG_ENABLE_MODULES = YES;
				CLANG_ENABLE_OBJC_ARC = YES;
				CLANG_WARN_BOOL_CONVERSION = YES;
				CLANG_WARN_CONSTANT_CONVERSION = YES;
				CLANG_WARN_DIRECT_OBJC_ISA_USAGE = YES_ERROR;
				CLANG_WARN_EMPTY_BODY = YES;
				CLANG_WARN_ENUM_CONVERSION = YES;
				CLANG_WARN_INT_CONVERSION = YES;
				CLANG_WARN_OBJC_ROOT_CLASS = YES_ERROR;
				CLANG_WARN_UNREACHABLE_CODE = YES;
				CLANG_WARN__DUPLICATE_METHOD_MATCH = YES;
				"CODE_SIGN_IDENTITY[sdk=iphoneos*]" = "iPhone Developer";
				COPY_PHASE_STRIP = NO;
				ENABLE_STRICT_OBJC_MSGSEND = YES;
				GCC_C_LANGUAGE_STANDARD = gnu99;
				GCC_DYNAMIC_NO_PIC = NO;
				GCC_OPTIMIZATION_LEVEL = 0;
				GCC_PREPROCESSOR_DEFINITIONS = (
					"DEBUG=1",
					"$(inherited)",
				);
				GCC_SYMBOLS_PRIVATE_EXTERN = NO;
				GCC_WARN_64_TO_32_BIT_CONVERSION = YES;
				GCC_WARN_ABOUT_RETURN_TYPE = YES_ERROR;
				GCC_WARN_UNDECLARED_SELECTOR = YES;
				GCC_WARN_UNINITIALIZED_AUTOS = YES_AGGRESSIVE;
				GCC_WARN_UNUSED_FUNCTION = YES;
				GCC_WARN_UNUSED_VARIABLE = YES;
				IPHONEOS_DEPLOYMENT_TARGET = 8.1;
				MTL_ENABLE_DEBUG_INFO = YES;
				ONLY_ACTIVE_ARCH = YES;
				SDKROOT = iphoneos;
			};
			name = Debug;
		};
		8E408FA11A7F918200E7842F /* Release */ = {
			isa = XCBuildConfiguration;
			buildSettings = {
				ALWAYS_SEARCH_USER_PATHS = NO;
				CLANG_CXX_LANGUAGE_STANDARD = "gnu++0x";
				CLANG_CXX_LIBRARY = "libc++";
				CLANG_ENABLE_MODULES = YES;
				CLANG_ENABLE_OBJC_ARC = YES;
				CLANG_WARN_BOOL_CONVERSION = YES;
				CLANG_WARN_CONSTANT_CONVERSION = YES;
				CLANG_WARN_DIRECT_OBJC_ISA_USAGE = YES_ERROR;
				CLANG_WARN_EMPTY_BODY = YES;
				CLANG_WARN_ENUM_CONVERSION = YES;
				CLANG_WARN_INT_CONVERSION = YES;
				CLANG_WARN_OBJC_ROOT_CLASS = YES_ERROR;
				CLANG_WARN_UNREACHABLE_CODE = YES;
				CLANG_WARN__DUPLICATE_METHOD_MATCH = YES;
				"CODE_SIGN_IDENTITY[sdk=iphoneos*]" = "iPhone Developer";
				COPY_PHASE_STRIP = YES;
				ENABLE_NS_ASSERTIONS = NO;
				ENABLE_STRICT_OBJC_MSGSEND = YES;
				GCC_C_LANGUAGE_STANDARD = gnu99;
				GCC_WARN_64_TO_32_BIT_CONVERSION = YES;
				GCC_WARN_ABOUT_RETURN_TYPE = YES_ERROR;
				GCC_WARN_UNDECLARED_SELECTOR = YES;
				GCC_WARN_UNINITIALIZED_AUTOS = YES_AGGRESSIVE;
				GCC_WARN_UNUSED_FUNCTION = YES;
				GCC_WARN_UNUSED_VARIABLE = YES;
				IPHONEOS_DEPLOYMENT_TARGET = 8.1;
				MTL_ENABLE_DEBUG_INFO = NO;
				SDKROOT = iphoneos;
				VALIDATE_PRODUCT = YES;
			};
			name = Release;
		};
		8E408FA31A7F918200E7842F /* Debug */ = {
			isa = XCBuildConfiguration;
			buildSettings = {
				ASSETCATALOG_COMPILER_APPICON_NAME = AppIcon;
				INFOPLIST_FILE = EverHomeLess/Info.plist;
				LD_RUNPATH_SEARCH_PATHS = "$(inherited) @executable_path/Frameworks";
				PRODUCT_NAME = "$(TARGET_NAME)";
			};
			name = Debug;
		};
		8E408FA41A7F918200E7842F /* Release */ = {
			isa = XCBuildConfiguration;
			buildSettings = {
				ASSETCATALOG_COMPILER_APPICON_NAME = AppIcon;
				INFOPLIST_FILE = EverHomeLess/Info.plist;
				LD_RUNPATH_SEARCH_PATHS = "$(inherited) @executable_path/Frameworks";
				PRODUCT_NAME = "$(TARGET_NAME)";
			};
			name = Release;
		};
		8E408FA61A7F918200E7842F /* Debug */ = {
			isa = XCBuildConfiguration;
			buildSettings = {
				BUNDLE_LOADER = "$(TEST_HOST)";
				FRAMEWORK_SEARCH_PATHS = (
					"$(SDKROOT)/Developer/Library/Frameworks",
					"$(inherited)",
				);
				GCC_PREPROCESSOR_DEFINITIONS = (
					"DEBUG=1",
					"$(inherited)",
				);
				INFOPLIST_FILE = EverHomeLessTests/Info.plist;
				LD_RUNPATH_SEARCH_PATHS = "$(inherited) @executable_path/Frameworks @loader_path/Frameworks";
				PRODUCT_NAME = "$(TARGET_NAME)";
				TEST_HOST = "$(BUILT_PRODUCTS_DIR)/EverHomeLess.app/EverHomeLess";
			};
			name = Debug;
		};
		8E408FA71A7F918200E7842F /* Release */ = {
			isa = XCBuildConfiguration;
			buildSettings = {
				BUNDLE_LOADER = "$(TEST_HOST)";
				FRAMEWORK_SEARCH_PATHS = (
					"$(SDKROOT)/Developer/Library/Frameworks",
					"$(inherited)",
				);
				INFOPLIST_FILE = EverHomeLessTests/Info.plist;
				LD_RUNPATH_SEARCH_PATHS = "$(inherited) @executable_path/Frameworks @loader_path/Frameworks";
				PRODUCT_NAME = "$(TARGET_NAME)";
				TEST_HOST = "$(BUILT_PRODUCTS_DIR)/EverHomeLess.app/EverHomeLess";
			};
			name = Release;
		};
/* End XCBuildConfiguration section */

/* Begin XCConfigurationList section */
		8E408F801A7F918200E7842F /* Build configuration list for PBXProject "EverHomeLess" */ = {
			isa = XCConfigurationList;
			buildConfigurations = (
				8E408FA01A7F918200E7842F /* Debug */,
				8E408FA11A7F918200E7842F /* Release */,
			);
			defaultConfigurationIsVisible = 0;
			defaultConfigurationName = Release;
		};
		8E408FA21A7F918200E7842F /* Build configuration list for PBXNativeTarget "EverHomeLess" */ = {
			isa = XCConfigurationList;
			buildConfigurations = (
				8E408FA31A7F918200E7842F /* Debug */,
				8E408FA41A7F918200E7842F /* Release */,
			);
			defaultConfigurationIsVisible = 0;
			defaultConfigurationName = Release;
		};
		8E408FA51A7F918200E7842F /* Build configuration list for PBXNativeTarget "EverHomeLessTests" */ = {
			isa = XCConfigurationList;
			buildConfigurations = (
				8E408FA61A7F918200E7842F /* Debug */,
				8E408FA71A7F918200E7842F /* Release */,
			);
			defaultConfigurationIsVisible = 0;
			defaultConfigurationName = Release;
		};
/* End XCConfigurationList section */

/* Begin XCVersionGroup section */
		8E408FA91A7F957C00E7842F /* Model.xcdatamodeld */ = {
			isa = XCVersionGroup;
			children = (
				8E408FAA1A7F957C00E7842F /* Model.xcdatamodel */,
			);
			currentVersion = 8E408FAA1A7F957C00E7842F /* Model.xcdatamodel */;
			path = Model.xcdatamodeld;
			sourceTree = "<group>";
			versionGroupType = wrapper.xcdatamodel;
		};
/* End XCVersionGroup section */
	};
	rootObject = 8E408F7D1A7F918200E7842F /* Project object */;
}
